
Microsoft Visual Studio Solution File, Format Version 12.00
# Visual Studio Version 17
VisualStudioVersion = 17.0.31903.59
MinimumVisualStudioVersion = 10.0.40219.1
Project("{2150E333-8FDC-42A3-9474-1A3956D46DE8}") = "src", "src", "{827E0CD3-B72D-47B6-A68D-7590B98EB39B}"
EndProject
Project("{FAE04EC0-301F-11D3-BF4B-00C04F79EFBC}") = "Domain", "src\Domain\Domain.csproj", "{B19E773D-7E45-4297-A784-6F82AAADA7C8}"
EndProject
Project("{FAE04EC0-301F-11D3-BF4B-00C04F79EFBC}") = "Application", "src\Application\Application.csproj", "{01D46D8A-17F7-469B-A816-AB8529207A1E}"
EndProject
Project("{FAE04EC0-301F-11D3-BF4B-00C04F79EFBC}") = "Infrastructure", "src\Infrastructure\Infrastructure.csproj", "{1607810D-CB50-4923-A0DE-56DF7C7B9FB9}"
EndProject
Project("{FAE04EC0-301F-11D3-BF4B-00C04F79EFBC}") = "WebAPI", "src\WebAPI\WebAPI.csproj", "{73FC5F6B-D95F-48A2-8B59-7C81D1261193}"
EndProject
Global
	GlobalSection(SolutionConfigurationPlatforms) = preSolution
		Debug|Any CPU = Debug|Any CPU
		Debug|x64 = Debug|x64
		Debug|x86 = Debug|x86
		Release|Any CPU = Release|Any CPU
		Release|x64 = Release|x64
		Release|x86 = Release|x86
	EndGlobalSection
	GlobalSection(ProjectConfigurationPlatforms) = postSolution
		{B19E773D-7E45-4297-A784-6F82AAADA7C8}.Debug|Any CPU.ActiveCfg = Debug|Any CPU
		{B19E773D-7E45-4297-A784-6F82AAADA7C8}.Debug|Any CPU.Build.0 = Debug|Any CPU
		{B19E773D-7E45-4297-A784-6F82AAADA7C8}.Debug|x64.ActiveCfg = Debug|Any CPU
		{B19E773D-7E45-4297-A784-6F82AAADA7C8}.Debug|x64.Build.0 = Debug|Any CPU
		{B19E773D-7E45-4297-A784-6F82AAADA7C8}.Debug|x86.ActiveCfg = Debug|Any CPU
		{B19E773D-7E45-4297-A784-6F82AAADA7C8}.Debug|x86.Build.0 = Debug|Any CPU
		{B19E773D-7E45-4297-A784-6F82AAADA7C8}.Release|Any CPU.ActiveCfg = Release|Any CPU
		{B19E773D-7E45-4297-A784-6F82AAADA7C8}.Release|Any CPU.Build.0 = Release|Any CPU
		{B19E773D-7E45-4297-A784-6F82AAADA7C8}.Release|x64.ActiveCfg = Release|Any CPU
		{B19E773D-7E45-4297-A784-6F82AAADA7C8}.Release|x64.Build.0 = Release|Any CPU
		{B19E773D-7E45-4297-A784-6F82AAADA7C8}.Release|x86.ActiveCfg = Release|Any CPU
		{B19E773D-7E45-4297-A784-6F82AAADA7C8}.Release|x86.Build.0 = Release|Any CPU
		{01D46D8A-17F7-469B-A816-AB8529207A1E}.Debug|Any CPU.ActiveCfg = Debug|Any CPU
		{01D46D8A-17F7-469B-A816-AB8529207A1E}.Debug|Any CPU.Build.0 = Debug|Any CPU
		{01D46D8A-17F7-469B-A816-AB8529207A1E}.Debug|x64.ActiveCfg = Debug|Any CPU
		{01D46D8A-17F7-469B-A816-AB8529207A1E}.Debug|x64.Build.0 = Debug|Any CPU
		{01D46D8A-17F7-469B-A816-AB8529207A1E}.Debug|x86.ActiveCfg = Debug|Any CPU
		{01D46D8A-17F7-469B-A816-AB8529207A1E}.Debug|x86.Build.0 = Debug|Any CPU
		{01D46D8A-17F7-469B-A816-AB8529207A1E}.Release|Any CPU.ActiveCfg = Release|Any CPU
		{01D46D8A-17F7-469B-A816-AB8529207A1E}.Release|Any CPU.Build.0 = Release|Any CPU
		{01D46D8A-17F7-469B-A816-AB8529207A1E}.Release|x64.ActiveCfg = Release|Any CPU
		{01D46D8A-17F7-469B-A816-AB8529207A1E}.Release|x64.Build.0 = Release|Any CPU
		{01D46D8A-17F7-469B-A816-AB8529207A1E}.Release|x86.ActiveCfg = Release|Any CPU
		{01D46D8A-17F7-469B-A816-AB8529207A1E}.Release|x86.Build.0 = Release|Any CPU
		{1607810D-CB50-4923-A0DE-56DF7C7B9FB9}.Debug|Any CPU.ActiveCfg = Debug|Any CPU
		{1607810D-CB50-4923-A0DE-56DF7C7B9FB9}.Debug|Any CPU.Build.0 = Debug|Any CPU
		{1607810D-CB50-4923-A0DE-56DF7C7B9FB9}.Debug|x64.ActiveCfg = Debug|Any CPU
		{1607810D-CB50-4923-A0DE-56DF7C7B9FB9}.Debug|x64.Build.0 = Debug|Any CPU
		{1607810D-CB50-4923-A0DE-56DF7C7B9FB9}.Debug|x86.ActiveCfg = Debug|Any CPU
		{1607810D-CB50-4923-A0DE-56DF7C7B9FB9}.Debug|x86.Build.0 = Debug|Any CPU
		{1607810D-CB50-4923-A0DE-56DF7C7B9FB9}.Release|Any CPU.ActiveCfg = Release|Any CPU
		{1607810D-CB50-4923-A0DE-56DF7C7B9FB9}.Release|Any CPU.Build.0 = Release|Any CPU
		{1607810D-CB50-4923-A0DE-56DF7C7B9FB9}.Release|x64.ActiveCfg = Release|Any CPU
		{1607810D-CB50-4923-A0DE-56DF7C7B9FB9}.Release|x64.Build.0 = Release|Any CPU
		{1607810D-CB50-4923-A0DE-56DF7C7B9FB9}.Release|x86.ActiveCfg = Release|Any CPU
		{1607810D-CB50-4923-A0DE-56DF7C7B9FB9}.Release|x86.Build.0 = Release|Any CPU
		{73FC5F6B-D95F-48A2-8B59-7C81D1261193}.Debug|Any CPU.ActiveCfg = Debug|Any CPU
		{73FC5F6B-D95F-48A2-8B59-7C81D1261193}.Debug|Any CPU.Build.0 = Debug|Any CPU
		{73FC5F6B-D95F-48A2-8B59-7C81D1261193}.Debug|x64.ActiveCfg = Debug|Any CPU
		{73FC5F6B-D95F-48A2-8B59-7C81D1261193}.Debug|x64.Build.0 = Debug|Any CPU
		{73FC5F6B-D95F-48A2-8B59-7C81D1261193}.Debug|x86.ActiveCfg = Debug|Any CPU
		{73FC5F6B-D95F-48A2-8B59-7C81D1261193}.Debug|x86.Build.0 = Debug|Any CPU
		{73FC5F6B-D95F-48A2-8B59-7C81D1261193}.Release|Any CPU.ActiveCfg = Release|Any CPU
		{73FC5F6B-D95F-48A2-8B59-7C81D1261193}.Release|Any CPU.Build.0 = Release|Any CPU
		{73FC5F6B-D95F-48A2-8B59-7C81D1261193}.Release|x64.ActiveCfg = Release|Any CPU
		{73FC5F6B-D95F-48A2-8B59-7C81D1261193}.Release|x64.Build.0 = Release|Any CPU
		{73FC5F6B-D95F-48A2-8B59-7C81D1261193}.Release|x86.ActiveCfg = Release|Any CPU
		{73FC5F6B-D95F-48A2-8B59-7C81D1261193}.Release|x86.Build.0 = Release|Any CPU
	EndGlobalSection
	GlobalSection(SolutionProperties) = preSolution
		HideSolutionNode = FALSE
	EndGlobalSection
	GlobalSection(NestedProjects) = preSolution
		{B19E773D-7E45-4297-A784-6F82AAADA7C8} = {827E0CD3-B72D-47B6-A68D-7590B98EB39B}
		{01D46D8A-17F7-469B-A816-AB8529207A1E} = {827E0CD3-B72D-47B6-A68D-7590B98EB39B}
		{1607810D-CB50-4923-A0DE-56DF7C7B9FB9} = {827E0CD3-B72D-47B6-A68D-7590B98EB39B}
		{73FC5F6B-D95F-48A2-8B59-7C81D1261193} = {827E0CD3-B72D-47B6-A68D-7590B98EB39B}
	EndGlobalSection
EndGlobal
